{
  "pins" : [
    {
      "identity" : "depthkit",
      "kind" : "remoteSourceControl",
      "location" : "https://github.com/ctxppc/DepthKit.git",
      "state" : {
        "revision" : "5a05be3926680a9fd99c411d41bfd95f835ec419",
        "version" : "0.10.0"
      }
    },
    {
      "identity" : "swift-collections",
      "kind" : "remoteSourceControl",
      "location" : "https://github.com/apple/swift-collections",
      "state" : {
        "branch" : "main",
        "revision" : "53a8adc54374f620002a3b6401d39e0feb3c57ae"
      }
    }
  ],
  "version" : 2
}
