{
  "object": {
    "pins": [
      {
        "package": "DepthKit",
        "repositoryURL": "https://github.com/ctxppc/DepthKit.git",
        "state": {
          "branch": null,
          "revision": "1e6cc56e01f86c77db40e90c93a2d9cebb13ca98",
          "version": "0.10.0"
        }
      },
      {
        "package": "swift-collections",
        "repositoryURL": "https://github.com/apple/swift-collections",
        "state": {
          "branch": null,
          "revision": "9d8719c8bebdc79740b6969c912ac706eb721d7a",
          "version": "0.0.7"
        }
      }
    ]
  },
  "version": 1
}
